// !$*UTF8*$!
{
	archiveVersion = 1;
	classes = {
	};
	objectVersion = 56;
	objects = {

/* Begin PBXBuildFile section */
		535CF8672B7A353500287523 /* POCSuperNovaApp.swift in Sources */ = {isa = PBXBuildFile; fileRef = 535CF8662B7A353500287523 /* POCSuperNovaApp.swift */; };
		535CF8692B7A353500287523 /* ContentView.swift in Sources */ = {isa = PBXBuildFile; fileRef = 535CF8682B7A353500287523 /* ContentView.swift */; };
		535CF86B2B7A353600287523 /* Assets.xcassets in Resources */ = {isa = PBXBuildFile; fileRef = 535CF86A2B7A353600287523 /* Assets.xcassets */; };
		535CF86E2B7A353600287523 /* Preview Assets.xcassets in Resources */ = {isa = PBXBuildFile; fileRef = 535CF86D2B7A353600287523 /* Preview Assets.xcassets */; };
		535CF8782B7A353600287523 /* POCSuperNovaTests.swift in Sources */ = {isa = PBXBuildFile; fileRef = 535CF8772B7A353600287523 /* POCSuperNovaTests.swift */; };
		535CF8822B7A353600287523 /* POCSuperNovaUITests.swift in Sources */ = {isa = PBXBuildFile; fileRef = 535CF8812B7A353600287523 /* POCSuperNovaUITests.swift */; };
		535CF8842B7A353600287523 /* POCSuperNovaUITestsLaunchTests.swift in Sources */ = {isa = PBXBuildFile; fileRef = 535CF8832B7A353600287523 /* POCSuperNovaUITestsLaunchTests.swift */; };
/* End PBXBuildFile section */

/* Begin PBXContainerItemProxy section */
		535CF8742B7A353600287523 /* PBXContainerItemProxy */ = {
			isa = PBXContainerItemProxy;
			containerPortal = 535CF85B2B7A353500287523 /* Project object */;
			proxyType = 1;
			remoteGlobalIDString = 535CF8622B7A353500287523;
			remoteInfo = POCSuperNova;
		};
		535CF87E2B7A353600287523 /* PBXContainerItemProxy */ = {
			isa = PBXContainerItemProxy;
			containerPortal = 535CF85B2B7A353500287523 /* Project object */;
			proxyType = 1;
			remoteGlobalIDString = 535CF8622B7A353500287523;
			remoteInfo = POCSuperNova;
		};
/* End PBXContainerItemProxy section */

/* Begin PBXFileReference section */
		535CF8632B7A353500287523 /* POCSuperNova.app */ = {isa = PBXFileReference; explicitFileType = wrapper.application; includeInIndex = 0; path = POCSuperNova.app; sourceTree = BUILT_PRODUCTS_DIR; };
		535CF8662B7A353500287523 /* POCSuperNovaApp.swift */ = {isa = PBXFileReference; lastKnownFileType = sourcecode.swift; path = POCSuperNovaApp.swift; sourceTree = "<group>"; };
		535CF8682B7A353500287523 /* ContentView.swift */ = {isa = PBXFileReference; lastKnownFileType = sourcecode.swift; path = ContentView.swift; sourceTree = "<group>"; };
		535CF86A2B7A353600287523 /* Assets.xcassets */ = {isa = PBXFileReference; lastKnownFileType = folder.assetcatalog; path = Assets.xcassets; sourceTree = "<group>"; };
		535CF86D2B7A353600287523 /* Preview Assets.xcassets */ = {isa = PBXFileReference; lastKnownFileType = folder.assetcatalog; path = "Preview Assets.xcassets"; sourceTree = "<group>"; };
		535CF8732B7A353600287523 /* POCSuperNovaTests.xctest */ = {isa = PBXFileReference; explicitFileType = wrapper.cfbundle; includeInIndex = 0; path = POCSuperNovaTests.xctest; sourceTree = BUILT_PRODUCTS_DIR; };
		535CF8772B7A353600287523 /* POCSuperNovaTests.swift */ = {isa = PBXFileReference; lastKnownFileType = sourcecode.swift; path = POCSuperNovaTests.swift; sourceTree = "<group>"; };
		535CF87D2B7A353600287523 /* POCSuperNovaUITests.xctest */ = {isa = PBXFileReference; explicitFileType = wrapper.cfbundle; includeInIndex = 0; path = POCSuperNovaUITests.xctest; sourceTree = BUILT_PRODUCTS_DIR; };
		535CF8812B7A353600287523 /* POCSuperNovaUITests.swift */ = {isa = PBXFileReference; lastKnownFileType = sourcecode.swift; path = POCSuperNovaUITests.swift; sourceTree = "<group>"; };
		535CF8832B7A353600287523 /* POCSuperNovaUITestsLaunchTests.swift */ = {isa = PBXFileReference; lastKnownFileType = sourcecode.swift; path = POCSuperNovaUITestsLaunchTests.swift; sourceTree = "<group>"; };
/* End PBXFileReference section */

/* Begin PBXFrameworksBuildPhase section */
		535CF8602B7A353500287523 /* Frameworks */ = {
			isa = PBXFrameworksBuildPhase;
			buildActionMask = 2147483647;
			files = (
			);
			runOnlyForDeploymentPostprocessing = 0;
		};
		535CF8702B7A353600287523 /* Frameworks */ = {
			isa = PBXFrameworksBuildPhase;
			buildActionMask = 2147483647;
			files = (
			);
			runOnlyForDeploymentPostprocessing = 0;
		};
		535CF87A2B7A353600287523 /* Frameworks */ = {
			isa = PBXFrameworksBuildPhase;
			buildActionMask = 2147483647;
			files = (
			);
			runOnlyForDeploymentPostprocessing = 0;
		};
/* End PBXFrameworksBuildPhase section */

/* Begin PBXGroup section */
		535CF85A2B7A353500287523 = {
			isa = PBXGroup;
			children = (
				535CF8652B7A353500287523 /* POCSuperNova */,
				535CF8762B7A353600287523 /* POCSuperNovaTests */,
				535CF8802B7A353600287523 /* POCSuperNovaUITests */,
				535CF8642B7A353500287523 /* Products */,
			);
			sourceTree = "<group>";
		};
		535CF8642B7A353500287523 /* Products */ = {
			isa = PBXGroup;
			children = (
				535CF8632B7A353500287523 /* POCSuperNova.app */,
				535CF8732B7A353600287523 /* POCSuperNovaTests.xctest */,
				535CF87D2B7A353600287523 /* POCSuperNovaUITests.xctest */,
			);
			name = Products;
			sourceTree = "<group>";
		};
		535CF8652B7A353500287523 /* POCSuperNova */ = {
			isa = PBXGroup;
			children = (
				535CF8662B7A353500287523 /* POCSuperNovaApp.swift */,
				535CF8682B7A353500287523 /* ContentView.swift */,
				535CF86A2B7A353600287523 /* Assets.xcassets */,
				535CF86C2B7A353600287523 /* Preview Content */,
			);
			path = POCSuperNova;
			sourceTree = "<group>";
		};
		535CF86C2B7A353600287523 /* Preview Content */ = {
			isa = PBXGroup;
			children = (
				535CF86D2B7A353600287523 /* Preview Assets.xcassets */,
			);
			path = "Preview Content";
			sourceTree = "<group>";
		};
		535CF8762B7A353600287523 /* POCSuperNovaTests */ = {
			isa = PBXGroup;
			children = (
				535CF8772B7A353600287523 /* POCSuperNovaTests.swift */,
			);
			path = POCSuperNovaTests;
			sourceTree = "<group>";
		};
		535CF8802B7A353600287523 /* POCSuperNovaUITests */ = {
			isa = PBXGroup;
			children = (
				535CF8812B7A353600287523 /* POCSuperNovaUITests.swift */,
				535CF8832B7A353600287523 /* POCSuperNovaUITestsLaunchTests.swift */,
			);
			path = POCSuperNovaUITests;
			sourceTree = "<group>";
		};
/* End PBXGroup section */

/* Begin PBXNativeTarget section */
		535CF8622B7A353500287523 /* POCSuperNova */ = {
			isa = PBXNativeTarget;
			buildConfigurationList = 535CF8872B7A353600287523 /* Build configuration list for PBXNativeTarget "POCSuperNova" */;
			buildPhases = (
				535CF85F2B7A353500287523 /* Sources */,
				535CF8602B7A353500287523 /* Frameworks */,
				535CF8612B7A353500287523 /* Resources */,
			);
			buildRules = (
			);
			dependencies = (
			);
			name = POCSuperNova;
			productName = POCSuperNova;
			productReference = 535CF8632B7A353500287523 /* POCSuperNova.app */;
			productType = "com.apple.product-type.application";
		};
		535CF8722B7A353600287523 /* POCSuperNovaTests */ = {
			isa = PBXNativeTarget;
			buildConfigurationList = 535CF88A2B7A353600287523 /* Build configuration list for PBXNativeTarget "POCSuperNovaTests" */;
			buildPhases = (
				535CF86F2B7A353600287523 /* Sources */,
				535CF8702B7A353600287523 /* Frameworks */,
				535CF8712B7A353600287523 /* Resources */,
			);
			buildRules = (
			);
			dependencies = (
				535CF8752B7A353600287523 /* PBXTargetDependency */,
			);
			name = POCSuperNovaTests;
			productName = POCSuperNovaTests;
			productReference = 535CF8732B7A353600287523 /* POCSuperNovaTests.xctest */;
			productType = "com.apple.product-type.bundle.unit-test";
		};
		535CF87C2B7A353600287523 /* POCSuperNovaUITests */ = {
			isa = PBXNativeTarget;
			buildConfigurationList = 535CF88D2B7A353600287523 /* Build configuration list for PBXNativeTarget "POCSuperNovaUITests" */;
			buildPhases = (
				535CF8792B7A353600287523 /* Sources */,
				535CF87A2B7A353600287523 /* Frameworks */,
				535CF87B2B7A353600287523 /* Resources */,
			);
			buildRules = (
			);
			dependencies = (
				535CF87F2B7A353600287523 /* PBXTargetDependency */,
			);
			name = POCSuperNovaUITests;
			productName = POCSuperNovaUITests;
			productReference = 535CF87D2B7A353600287523 /* POCSuperNovaUITests.xctest */;
			productType = "com.apple.product-type.bundle.ui-testing";
		};
/* End PBXNativeTarget section */

/* Begin PBXProject section */
		535CF85B2B7A353500287523 /* Project object */ = {
			isa = PBXProject;
			attributes = {
				BuildIndependentTargetsInParallel = 1;
				LastSwiftUpdateCheck = 1500;
				LastUpgradeCheck = 1500;
				TargetAttributes = {
					535CF8622B7A353500287523 = {
						CreatedOnToolsVersion = 15.0;
					};
					535CF8722B7A353600287523 = {
						CreatedOnToolsVersion = 15.0;
						TestTargetID = 535CF8622B7A353500287523;
					};
					535CF87C2B7A353600287523 = {
						CreatedOnToolsVersion = 15.0;
						TestTargetID = 535CF8622B7A353500287523;
					};
				};
			};
			buildConfigurationList = 535CF85E2B7A353500287523 /* Build configuration list for PBXProject "POCSuperNova" */;
			compatibilityVersion = "Xcode 14.0";
			developmentRegion = en;
			hasScannedForEncodings = 0;
			knownRegions = (
				en,
				Base,
			);
			mainGroup = 535CF85A2B7A353500287523;
			productRefGroup = 535CF8642B7A353500287523 /* Products */;
			projectDirPath = "";
			projectRoot = "";
			targets = (
				535CF8622B7A353500287523 /* POCSuperNova */,
				535CF8722B7A353600287523 /* POCSuperNovaTests */,
				535CF87C2B7A353600287523 /* POCSuperNovaUITests */,
			);
		};
/* End PBXProject section */

/* Begin PBXResourcesBuildPhase section */
		535CF8612B7A353500287523 /* Resources */ = {
			isa = PBXResourcesBuildPhase;
			buildActionMask = 2147483647;
			files = (
				535CF86E2B7A353600287523 /* Preview Assets.xcassets in Resources */,
				535CF86B2B7A353600287523 /* Assets.xcassets in Resources */,
			);
			runOnlyForDeploymentPostprocessing = 0;
		};
		535CF8712B7A353600287523 /* Resources */ = {
			isa = PBXResourcesBuildPhase;
			buildActionMask = 2147483647;
			files = (
			);
			runOnlyForDeploymentPostprocessing = 0;
		};
		535CF87B2B7A353600287523 /* Resources */ = {
			isa = PBXResourcesBuildPhase;
			buildActionMask = 2147483647;
			files = (
			);
			runOnlyForDeploymentPostprocessing = 0;
		};
/* End PBXResourcesBuildPhase section */

/* Begin PBXSourcesBuildPhase section */
		535CF85F2B7A353500287523 /* Sources */ = {
			isa = PBXSourcesBuildPhase;
			buildActionMask = 2147483647;
			files = (
				535CF8692B7A353500287523 /* ContentView.swift in Sources */,
				535CF8672B7A353500287523 /* POCSuperNovaApp.swift in Sources */,
			);
			runOnlyForDeploymentPostprocessing = 0;
		};
		535CF86F2B7A353600287523 /* Sources */ = {
			isa = PBXSourcesBuildPhase;
			buildActionMask = 2147483647;
			files = (
				535CF8782B7A353600287523 /* POCSuperNovaTests.swift in Sources */,
			);
			runOnlyForDeploymentPostprocessing = 0;
		};
		535CF8792B7A353600287523 /* Sources */ = {
			isa = PBXSourcesBuildPhase;
			buildActionMask = 2147483647;
			files = (
				535CF8822B7A353600287523 /* POCSuperNovaUITests.swift in Sources */,
				535CF8842B7A353600287523 /* POCSuperNovaUITestsLaunchTests.swift in Sources */,
			);
			runOnlyForDeploymentPostprocessing = 0;
		};
/* End PBXSourcesBuildPhase section */

/* Begin PBXTargetDependency section */
		535CF8752B7A353600287523 /* PBXTargetDependency */ = {
			isa = PBXTargetDependency;
			target = 535CF8622B7A353500287523 /* POCSuperNova */;
			targetProxy = 535CF8742B7A353600287523 /* PBXContainerItemProxy */;
		};
		535CF87F2B7A353600287523 /* PBXTargetDependency */ = {
			isa = PBXTargetDependency;
			target = 535CF8622B7A353500287523 /* POCSuperNova */;
			targetProxy = 535CF87E2B7A353600287523 /* PBXContainerItemProxy */;
		};
/* End PBXTargetDependency section */

/* Begin XCBuildConfiguration section */
		535CF8852B7A353600287523 /* Debug */ = {
			isa = XCBuildConfiguration;
			buildSettings = {
				ALWAYS_SEARCH_USER_PATHS = NO;
				ASSETCATALOG_COMPILER_GENERATE_SWIFT_ASSET_SYMBOL_EXTENSIONS = YES;
				CLANG_ANALYZER_NONNULL = YES;
				CLANG_ANALYZER_NUMBER_OBJECT_CONVERSION = YES_AGGRESSIVE;
				CLANG_CXX_LANGUAGE_STANDARD = "gnu++20";
				CLANG_ENABLE_MODULES = YES;
				CLANG_ENABLE_OBJC_ARC = YES;
				CLANG_ENABLE_OBJC_WEAK = YES;
				CLANG_WARN_BLOCK_CAPTURE_AUTORELEASING = YES;
				CLANG_WARN_BOOL_CONVERSION = YES;
				CLANG_WARN_COMMA = YES;
				CLANG_WARN_CONSTANT_CONVERSION = YES;
				CLANG_WARN_DEPRECATED_OBJC_IMPLEMENTATIONS = YES;
				CLANG_WARN_DIRECT_OBJC_ISA_USAGE = YES_ERROR;
				CLANG_WARN_DOCUMENTATION_COMMENTS = YES;
				CLANG_WARN_EMPTY_BODY = YES;
				CLANG_WARN_ENUM_CONVERSION = YES;
				CLANG_WARN_INFINITE_RECURSION = YES;
				CLANG_WARN_INT_CONVERSION = YES;
				CLANG_WARN_NON_LITERAL_NULL_CONVERSION = YES;
				CLANG_WARN_OBJC_IMPLICIT_RETAIN_SELF = YES;
				CLANG_WARN_OBJC_LITERAL_CONVERSION = YES;
				CLANG_WARN_OBJC_ROOT_CLASS = YES_ERROR;
				CLANG_WARN_QUOTED_INCLUDE_IN_FRAMEWORK_HEADER = YES;
				CLANG_WARN_RANGE_LOOP_ANALYSIS = YES;
				CLANG_WARN_STRICT_PROTOTYPES = YES;
				CLANG_WARN_SUSPICIOUS_MOVE = YES;
				CLANG_WARN_UNGUARDED_AVAILABILITY = YES_AGGRESSIVE;
				CLANG_WARN_UNREACHABLE_CODE = YES;
				CLANG_WARN__DUPLICATE_METHOD_MATCH = YES;
				COPY_PHASE_STRIP = NO;
				DEBUG_INFORMATION_FORMAT = dwarf;
				ENABLE_STRICT_OBJC_MSGSEND = YES;
				ENABLE_TESTABILITY = YES;
				ENABLE_USER_SCRIPT_SANDBOXING = YES;
				GCC_C_LANGUAGE_STANDARD = gnu17;
				GCC_DYNAMIC_NO_PIC = NO;
				GCC_NO_COMMON_BLOCKS = YES;
				GCC_OPTIMIZATION_LEVEL = 0;
				GCC_PREPROCESSOR_DEFINITIONS = (
					"DEBUG=1",
					"$(inherited)",
				);
				GCC_WARN_64_TO_32_BIT_CONVERSION = YES;
				GCC_WARN_ABOUT_RETURN_TYPE = YES_ERROR;
				GCC_WARN_UNDECLARED_SELECTOR = YES;
				GCC_WARN_UNINITIALIZED_AUTOS = YES_AGGRESSIVE;
				GCC_WARN_UNUSED_FUNCTION = YES;
				GCC_WARN_UNUSED_VARIABLE = YES;
				IPHONEOS_DEPLOYMENT_TARGET = 17.0;
				LOCALIZATION_PREFERS_STRING_CATALOGS = YES;
				MTL_ENABLE_DEBUG_INFO = INCLUDE_SOURCE;
				MTL_FAST_MATH = YES;
				ONLY_ACTIVE_ARCH = YES;
				SDKROOT = iphoneos;
				SWIFT_ACTIVE_COMPILATION_CONDITIONS = "DEBUG $(inherited)";
				SWIFT_OPTIMIZATION_LEVEL = "-Onone";
			};
			name = Debug;
		};
		535CF8862B7A353600287523 /* Release */ = {
			isa = XCBuildConfiguration;
			buildSettings = {
				ALWAYS_SEARCH_USER_PATHS = NO;
				ASSETCATALOG_COMPILER_GENERATE_SWIFT_ASSET_SYMBOL_EXTENSIONS = YES;
				CLANG_ANALYZER_NONNULL = YES;
				CLANG_ANALYZER_NUMBER_OBJECT_CONVERSION = YES_AGGRESSIVE;
				CLANG_CXX_LANGUAGE_STANDARD = "gnu++20";
				CLANG_ENABLE_MODULES = YES;
				CLANG_ENABLE_OBJC_ARC = YES;
				CLANG_ENABLE_OBJC_WEAK = YES;
				CLANG_WARN_BLOCK_CAPTURE_AUTORELEASING = YES;
				CLANG_WARN_BOOL_CONVERSION = YES;
				CLANG_WARN_COMMA = YES;
				CLANG_WARN_CONSTANT_CONVERSION = YES;
				CLANG_WARN_DEPRECATED_OBJC_IMPLEMENTATIONS = YES;
				CLANG_WARN_DIRECT_OBJC_ISA_USAGE = YES_ERROR;
				CLANG_WARN_DOCUMENTATION_COMMENTS = YES;
				CLANG_WARN_EMPTY_BODY = YES;
				CLANG_WARN_ENUM_CONVERSION = YES;
				CLANG_WARN_INFINITE_RECURSION = YES;
				CLANG_WARN_INT_CONVERSION = YES;
				CLANG_WARN_NON_LITERAL_NULL_CONVERSION = YES;
				CLANG_WARN_OBJC_IMPLICIT_RETAIN_SELF = YES;
				CLANG_WARN_OBJC_LITERAL_CONVERSION = YES;
				CLANG_WARN_OBJC_ROOT_CLASS = YES_ERROR;
				CLANG_WARN_QUOTED_INCLUDE_IN_FRAMEWORK_HEADER = YES;
				CLANG_WARN_RANGE_LOOP_ANALYSIS = YES;
				CLANG_WARN_STRICT_PROTOTYPES = YES;
				CLANG_WARN_SUSPICIOUS_MOVE = YES;
				CLANG_WARN_UNGUARDED_AVAILABILITY = YES_AGGRESSIVE;
				CLANG_WARN_UNREACHABLE_CODE = YES;
				CLANG_WARN__DUPLICATE_METHOD_MATCH = YES;
				COPY_PHASE_STRIP = NO;
				DEBUG_INFORMATION_FORMAT = "dwarf-with-dsym";
				ENABLE_NS_ASSERTIONS = NO;
				ENABLE_STRICT_OBJC_MSGSEND = YES;
				ENABLE_USER_SCRIPT_SANDBOXING = YES;
				GCC_C_LANGUAGE_STANDARD = gnu17;
				GCC_NO_COMMON_BLOCKS = YES;
				GCC_WARN_64_TO_32_BIT_CONVERSION = YES;
				GCC_WARN_ABOUT_RETURN_TYPE = YES_ERROR;
				GCC_WARN_UNDECLARED_SELECTOR = YES;
				GCC_WARN_UNINITIALIZED_AUTOS = YES_AGGRESSIVE;
				GCC_WARN_UNUSED_FUNCTION = YES;
				GCC_WARN_UNUSED_VARIABLE = YES;
				IPHONEOS_DEPLOYMENT_TARGET = 17.0;
				LOCALIZATION_PREFERS_STRING_CATALOGS = YES;
				MTL_ENABLE_DEBUG_INFO = NO;
				MTL_FAST_MATH = YES;
				SDKROOT = iphoneos;
				SWIFT_COMPILATION_MODE = wholemodule;
				VALIDATE_PRODUCT = YES;
			};
			name = Release;
		};
		535CF8882B7A353600287523 /* Debug */ = {
			isa = XCBuildConfiguration;
			buildSettings = {
				ASSETCATALOG_COMPILER_APPICON_NAME = AppIcon;
				ASSETCATALOG_COMPILER_GLOBAL_ACCENT_COLOR_NAME = AccentColor;
				CODE_SIGN_STYLE = Automatic;
				CURRENT_PROJECT_VERSION = 1;
				DEVELOPMENT_ASSET_PATHS = "\"POCSuperNova/Preview Content\"";
				DEVELOPMENT_TEAM = 5H6V7K6T4N;
				ENABLE_PREVIEWS = YES;
				GENERATE_INFOPLIST_FILE = YES;
				INFOPLIST_KEY_UIApplicationSceneManifest_Generation = YES;
				INFOPLIST_KEY_UIApplicationSupportsIndirectInputEvents = YES;
				INFOPLIST_KEY_UILaunchScreen_Generation = YES;
				INFOPLIST_KEY_UISupportedInterfaceOrientations_iPad = "UIInterfaceOrientationPortrait UIInterfaceOrientationPortraitUpsideDown UIInterfaceOrientationLandscapeLeft UIInterfaceOrientationLandscapeRight";
				INFOPLIST_KEY_UISupportedInterfaceOrientations_iPhone = "UIInterfaceOrientationPortrait UIInterfaceOrientationLandscapeLeft UIInterfaceOrientationLandscapeRight";
				LD_RUNPATH_SEARCH_PATHS = (
					"$(inherited)",
					"@executable_path/Frameworks",
				);
				MARKETING_VERSION = 1.0;
				PRODUCT_BUNDLE_IDENTIFIER = na.POCSuperNova;
				PRODUCT_NAME = "$(TARGET_NAME)";
				SWIFT_EMIT_LOC_STRINGS = YES;
				SWIFT_VERSION = 5.0;
				TARGETED_DEVICE_FAMILY = "1,2";
			};
			name = Debug;
		};
		535CF8892B7A353600287523 /* Release */ = {
			isa = XCBuildConfiguration;
			buildSettings = {
				ASSETCATALOG_COMPILER_APPICON_NAME = AppIcon;
				ASSETCATALOG_COMPILER_GLOBAL_ACCENT_COLOR_NAME = AccentColor;
				CODE_SIGN_STYLE = Automatic;
				CURRENT_PROJECT_VERSION = 1;
				DEVELOPMENT_ASSET_PATHS = "\"POCSuperNova/Preview Content\"";
				DEVELOPMENT_TEAM = 5H6V7K6T4N;
				ENABLE_PREVIEWS = YES;
				GENERATE_INFOPLIST_FILE = YES;
				INFOPLIST_KEY_UIApplicationSceneManifest_Generation = YES;
				INFOPLIST_KEY_UIApplicationSupportsIndirectInputEvents = YES;
				INFOPLIST_KEY_UILaunchScreen_Generation = YES;
				INFOPLIST_KEY_UISupportedInterfaceOrientations_iPad = "UIInterfaceOrientationPortrait UIInterfaceOrientationPortraitUpsideDown UIInterfaceOrientationLandscapeLeft UIInterfaceOrientationLandscapeRight";
				INFOPLIST_KEY_UISupportedInterfaceOrientations_iPhone = "UIInterfaceOrientationPortrait UIInterfaceOrientationLandscapeLeft UIInterfaceOrientationLandscapeRight";
				LD_RUNPATH_SEARCH_PATHS = (
					"$(inherited)",
					"@executable_path/Frameworks",
				);
				MARKETING_VERSION = 1.0;
				PRODUCT_BUNDLE_IDENTIFIER = na.POCSuperNova;
				PRODUCT_NAME = "$(TARGET_NAME)";
				SWIFT_EMIT_LOC_STRINGS = YES;
				SWIFT_VERSION = 5.0;
				TARGETED_DEVICE_FAMILY = "1,2";
			};
			name = Release;
		};
		535CF88B2B7A353600287523 /* Debug */ = {
			isa = XCBuildConfiguration;
			buildSettings = {
				ALWAYS_EMBED_SWIFT_STANDARD_LIBRARIES = YES;
				BUNDLE_LOADER = "$(TEST_HOST)";
				CODE_SIGN_STYLE = Automatic;
				CURRENT_PROJECT_VERSION = 1;
				DEVELOPMENT_TEAM = 5H6V7K6T4N;
				GENERATE_INFOPLIST_FILE = YES;
				IPHONEOS_DEPLOYMENT_TARGET = 17.0;
				MARKETING_VERSION = 1.0;
				PRODUCT_BUNDLE_IDENTIFIER = na.POCSuperNovaTests;
				PRODUCT_NAME = "$(TARGET_NAME)";
				SWIFT_EMIT_LOC_STRINGS = NO;
				SWIFT_VERSION = 5.0;
				TARGETED_DEVICE_FAMILY = "1,2";
				TEST_HOST = "$(BUILT_PRODUCTS_DIR)/POCSuperNova.app/$(BUNDLE_EXECUTABLE_FOLDER_PATH)/POCSuperNova";
			};
			name = Debug;
		};
		535CF88C2B7A353600287523 /* Release */ = {
			isa = XCBuildConfiguration;
			buildSettings = {
				ALWAYS_EMBED_SWIFT_STANDARD_LIBRARIES = YES;
				BUNDLE_LOADER = "$(TEST_HOST)";
				CODE_SIGN_STYLE = Automatic;
				CURRENT_PROJECT_VERSION = 1;
				DEVELOPMENT_TEAM = 5H6V7K6T4N;
				GENERATE_INFOPLIST_FILE = YES;
				IPHONEOS_DEPLOYMENT_TARGET = 17.0;
				MARKETING_VERSION = 1.0;
				PRODUCT_BUNDLE_IDENTIFIER = na.POCSuperNovaTests;
				PRODUCT_NAME = "$(TARGET_NAME)";
				SWIFT_EMIT_LOC_STRINGS = NO;
				SWIFT_VERSION = 5.0;
				TARGETED_DEVICE_FAMILY = "1,2";
				TEST_HOST = "$(BUILT_PRODUCTS_DIR)/POCSuperNova.app/$(BUNDLE_EXECUTABLE_FOLDER_PATH)/POCSuperNova";
			};
			name = Release;
		};
		535CF88E2B7A353600287523 /* Debug */ = {
			isa = XCBuildConfiguration;
			buildSettings = {
				ALWAYS_EMBED_SWIFT_STANDARD_LIBRARIES = YES;
				CODE_SIGN_STYLE = Automatic;
				CURRENT_PROJECT_VERSION = 1;
				DEVELOPMENT_TEAM = 5H6V7K6T4N;
				GENERATE_INFOPLIST_FILE = YES;
				MARKETING_VERSION = 1.0;
				PRODUCT_BUNDLE_IDENTIFIER = na.POCSuperNovaUITests;
				PRODUCT_NAME = "$(TARGET_NAME)";
				SWIFT_EMIT_LOC_STRINGS = NO;
				SWIFT_VERSION = 5.0;
				TARGETED_DEVICE_FAMILY = "1,2";
				TEST_TARGET_NAME = POCSuperNova;
			};
			name = Debug;
		};
		535CF88F2B7A353600287523 /* Release */ = {
			isa = XCBuildConfiguration;
			buildSettings = {
				ALWAYS_EMBED_SWIFT_STANDARD_LIBRARIES = YES;
				CODE_SIGN_STYLE = Automatic;
				CURRENT_PROJECT_VERSION = 1;
				DEVELOPMENT_TEAM = 5H6V7K6T4N;
				GENERATE_INFOPLIST_FILE = YES;
				MARKETING_VERSION = 1.0;
				PRODUCT_BUNDLE_IDENTIFIER = na.POCSuperNovaUITests;
				PRODUCT_NAME = "$(TARGET_NAME)";
				SWIFT_EMIT_LOC_STRINGS = NO;
				SWIFT_VERSION = 5.0;
				TARGETED_DEVICE_FAMILY = "1,2";
				TEST_TARGET_NAME = POCSuperNova;
			};
			name = Release;
		};
/* End XCBuildConfiguration section */

/* Begin XCConfigurationList section */
		535CF85E2B7A353500287523 /* Build configuration list for PBXProject "POCSuperNova" */ = {
			isa = XCConfigurationList;
			buildConfigurations = (
				535CF8852B7A353600287523 /* Debug */,
				535CF8862B7A353600287523 /* Release */,
			);
			defaultConfigurationIsVisible = 0;
			defaultConfigurationName = Release;
		};
		535CF8872B7A353600287523 /* Build configuration list for PBXNativeTarget "POCSuperNova" */ = {
			isa = XCConfigurationList;
			buildConfigurations = (
				535CF8882B7A353600287523 /* Debug */,
				535CF8892B7A353600287523 /* Release */,
			);
			defaultConfigurationIsVisible = 0;
			defaultConfigurationName = Release;
		};
		535CF88A2B7A353600287523 /* Build configuration list for PBXNativeTarget "POCSuperNovaTests" */ = {
			isa = XCConfigurationList;
			buildConfigurations = (
				535CF88B2B7A353600287523 /* Debug */,
				535CF88C2B7A353600287523 /* Release */,
			);
			defaultConfigurationIsVisible = 0;
			defaultConfigurationName = Release;
		};
		535CF88D2B7A353600287523 /* Build configuration list for PBXNativeTarget "POCSuperNovaUITests" */ = {
			isa = XCConfigurationList;
			buildConfigurations = (
				535CF88E2B7A353600287523 /* Debug */,
				535CF88F2B7A353600287523 /* Release */,
			);
			defaultConfigurationIsVisible = 0;
			defaultConfigurationName = Release;
		};
/* End XCConfigurationList section */
	};
	rootObject = 535CF85B2B7A353500287523 /* Project object */;
}
